
Microsoft Visual Studio Solution File, Format Version 11.00
# Visual Studio 2010
Project("{F184B08F-C81C-45F6-A57F-5ABD9991F28F}") = "Sistema de Mercados", "Sistema de Mercados\Sistema de Mercados.vbproj", "{636E3E89-93B7-4E36-86DB-120E782CCBFD}"
EndProject
Global
	GlobalSection(SolutionConfigurationPlatforms) = preSolution
		Debug|x86 = Debug|x86
		Release|x86 = Release|x86
	EndGlobalSection
	GlobalSection(ProjectConfigurationPlatforms) = postSolution
		{636E3E89-93B7-4E36-86DB-120E782CCBFD}.Debug|x86.ActiveCfg = Debug|x86
		{636E3E89-93B7-4E36-86DB-120E782CCBFD}.Debug|x86.Build.0 = Debug|x86
		{636E3E89-93B7-4E36-86DB-120E782CCBFD}.Release|x86.ActiveCfg = Release|x86
		{636E3E89-93B7-4E36-86DB-120E782CCBFD}.Release|x86.Build.0 = Release|x86
	EndGlobalSection
	GlobalSection(SolutionProperties) = preSolution
		HideSolutionNode = FALSE
	EndGlobalSection
EndGlobal
